// !$*UTF8*$!
{
	archiveVersion = 1;
	classes = {
	};
	objectVersion = 50;
	objects = {

/* Begin PBXBuildFile section */
		3F5D2FA721A5405500AF1B90 /* AppDelegate.swift in Sources */ = {isa = PBXBuildFile; fileRef = 3F5D2FA621A5405500AF1B90 /* AppDelegate.swift */; };
		3F5D2FA921A5405500AF1B90 /* ViewController.swift in Sources */ = {isa = PBXBuildFile; fileRef = 3F5D2FA821A5405500AF1B90 /* ViewController.swift */; };
		3F5D2FAC21A5405500AF1B90 /* Main.storyboard in Resources */ = {isa = PBXBuildFile; fileRef = 3F5D2FAA21A5405500AF1B90 /* Main.storyboard */; };
		3F5D2FAF21A5405500AF1B90 /* dy.xcdatamodeld in Sources */ = {isa = PBXBuildFile; fileRef = 3F5D2FAD21A5405500AF1B90 /* dy.xcdatamodeld */; };
		3F5D2FB121A5405500AF1B90 /* Assets.xcassets in Resources */ = {isa = PBXBuildFile; fileRef = 3F5D2FB021A5405500AF1B90 /* Assets.xcassets */; };
		3F5D2FB421A5405500AF1B90 /* LaunchScreen.storyboard in Resources */ = {isa = PBXBuildFile; fileRef = 3F5D2FB221A5405500AF1B90 /* LaunchScreen.storyboard */; };
		3F5D2FBF21A5405500AF1B90 /* dyTests.swift in Sources */ = {isa = PBXBuildFile; fileRef = 3F5D2FBE21A5405500AF1B90 /* dyTests.swift */; };
		3F5D2FCA21A5405500AF1B90 /* dyUITests.swift in Sources */ = {isa = PBXBuildFile; fileRef = 3F5D2FC921A5405500AF1B90 /* dyUITests.swift */; };
/* End PBXBuildFile section */

/* Begin PBXContainerItemProxy section */
		3F5D2FBB21A5405500AF1B90 /* PBXContainerItemProxy */ = {
			isa = PBXContainerItemProxy;
			containerPortal = 3F5D2F9B21A5405500AF1B90 /* Project object */;
			proxyType = 1;
			remoteGlobalIDString = 3F5D2FA221A5405500AF1B90;
			remoteInfo = dy;
		};
		3F5D2FC621A5405500AF1B90 /* PBXContainerItemProxy */ = {
			isa = PBXContainerItemProxy;
			containerPortal = 3F5D2F9B21A5405500AF1B90 /* Project object */;
			proxyType = 1;
			remoteGlobalIDString = 3F5D2FA221A5405500AF1B90;
			remoteInfo = dy;
		};
/* End PBXContainerItemProxy section */

/* Begin PBXFileReference section */
		3F5D2FA321A5405500AF1B90 /* dy.app */ = {isa = PBXFileReference; explicitFileType = wrapper.application; includeInIndex = 0; path = dy.app; sourceTree = BUILT_PRODUCTS_DIR; };
		3F5D2FA621A5405500AF1B90 /* AppDelegate.swift */ = {isa = PBXFileReference; lastKnownFileType = sourcecode.swift; path = AppDelegate.swift; sourceTree = "<group>"; };
		3F5D2FA821A5405500AF1B90 /* ViewController.swift */ = {isa = PBXFileReference; lastKnownFileType = sourcecode.swift; path = ViewController.swift; sourceTree = "<group>"; };
		3F5D2FAB21A5405500AF1B90 /* Base */ = {isa = PBXFileReference; lastKnownFileType = file.storyboard; name = Base; path = Base.lproj/Main.storyboard; sourceTree = "<group>"; };
		3F5D2FAE21A5405500AF1B90 /* dy.xcdatamodel */ = {isa = PBXFileReference; lastKnownFileType = wrapper.xcdatamodel; path = dy.xcdatamodel; sourceTree = "<group>"; };
		3F5D2FB021A5405500AF1B90 /* Assets.xcassets */ = {isa = PBXFileReference; lastKnownFileType = folder.assetcatalog; path = Assets.xcassets; sourceTree = "<group>"; };
		3F5D2FB321A5405500AF1B90 /* Base */ = {isa = PBXFileReference; lastKnownFileType = file.storyboard; name = Base; path = Base.lproj/LaunchScreen.storyboard; sourceTree = "<group>"; };
		3F5D2FB521A5405500AF1B90 /* Info.plist */ = {isa = PBXFileReference; lastKnownFileType = text.plist.xml; path = Info.plist; sourceTree = "<group>"; };
		3F5D2FBA21A5405500AF1B90 /* dyTests.xctest */ = {isa = PBXFileReference; explicitFileType = wrapper.cfbundle; includeInIndex = 0; path = dyTests.xctest; sourceTree = BUILT_PRODUCTS_DIR; };
		3F5D2FBE21A5405500AF1B90 /* dyTests.swift */ = {isa = PBXFileReference; lastKnownFileType = sourcecode.swift; path = dyTests.swift; sourceTree = "<group>"; };
		3F5D2FC021A5405500AF1B90 /* Info.plist */ = {isa = PBXFileReference; lastKnownFileType = text.plist.xml; path = Info.plist; sourceTree = "<group>"; };
		3F5D2FC521A5405500AF1B90 /* dyUITests.xctest */ = {isa = PBXFileReference; explicitFileType = wrapper.cfbundle; includeInIndex = 0; path = dyUITests.xctest; sourceTree = BUILT_PRODUCTS_DIR; };
		3F5D2FC921A5405500AF1B90 /* dyUITests.swift */ = {isa = PBXFileReference; lastKnownFileType = sourcecode.swift; path = dyUITests.swift; sourceTree = "<group>"; };
		3F5D2FCB21A5405500AF1B90 /* Info.plist */ = {isa = PBXFileReference; lastKnownFileType = text.plist.xml; path = Info.plist; sourceTree = "<group>"; };
/* End PBXFileReference section */

/* Begin PBXFrameworksBuildPhase section */
		3F5D2FA021A5405500AF1B90 /* Frameworks */ = {
			isa = PBXFrameworksBuildPhase;
			buildActionMask = 2147483647;
			files = (
			);
			runOnlyForDeploymentPostprocessing = 0;
		};
		3F5D2FB721A5405500AF1B90 /* Frameworks */ = {
			isa = PBXFrameworksBuildPhase;
			buildActionMask = 2147483647;
			files = (
			);
			runOnlyForDeploymentPostprocessing = 0;
		};
		3F5D2FC221A5405500AF1B90 /* Frameworks */ = {
			isa = PBXFrameworksBuildPhase;
			buildActionMask = 2147483647;
			files = (
			);
			runOnlyForDeploymentPostprocessing = 0;
		};
/* End PBXFrameworksBuildPhase section */

/* Begin PBXGroup section */
		3F5D2F9A21A5405500AF1B90 = {
			isa = PBXGroup;
			children = (
				3F5D2FA521A5405500AF1B90 /* dy */,
				3F5D2FBD21A5405500AF1B90 /* dyTests */,
				3F5D2FC821A5405500AF1B90 /* dyUITests */,
				3F5D2FA421A5405500AF1B90 /* Products */,
			);
			sourceTree = "<group>";
		};
		3F5D2FA421A5405500AF1B90 /* Products */ = {
			isa = PBXGroup;
			children = (
				3F5D2FA321A5405500AF1B90 /* dy.app */,
				3F5D2FBA21A5405500AF1B90 /* dyTests.xctest */,
				3F5D2FC521A5405500AF1B90 /* dyUITests.xctest */,
			);
			name = Products;
			sourceTree = "<group>";
		};
		3F5D2FA521A5405500AF1B90 /* dy */ = {
			isa = PBXGroup;
			children = (
				3F5D2FA621A5405500AF1B90 /* AppDelegate.swift */,
				3F5D2FA821A5405500AF1B90 /* ViewController.swift */,
				3F5D2FAA21A5405500AF1B90 /* Main.storyboard */,
				3F5D2FB021A5405500AF1B90 /* Assets.xcassets */,
				3F5D2FB221A5405500AF1B90 /* LaunchScreen.storyboard */,
				3F5D2FB521A5405500AF1B90 /* Info.plist */,
				3F5D2FAD21A5405500AF1B90 /* dy.xcdatamodeld */,
			);
			path = dy;
			sourceTree = "<group>";
		};
		3F5D2FBD21A5405500AF1B90 /* dyTests */ = {
			isa = PBXGroup;
			children = (
				3F5D2FBE21A5405500AF1B90 /* dyTests.swift */,
				3F5D2FC021A5405500AF1B90 /* Info.plist */,
			);
			path = dyTests;
			sourceTree = "<group>";
		};
		3F5D2FC821A5405500AF1B90 /* dyUITests */ = {
			isa = PBXGroup;
			children = (
				3F5D2FC921A5405500AF1B90 /* dyUITests.swift */,
				3F5D2FCB21A5405500AF1B90 /* Info.plist */,
			);
			path = dyUITests;
			sourceTree = "<group>";
		};
/* End PBXGroup section */

/* Begin PBXNativeTarget section */
		3F5D2FA221A5405500AF1B90 /* dy */ = {
			isa = PBXNativeTarget;
			buildConfigurationList = 3F5D2FCE21A5405500AF1B90 /* Build configuration list for PBXNativeTarget "dy" */;
			buildPhases = (
				3F5D2F9F21A5405500AF1B90 /* Sources */,
				3F5D2FA021A5405500AF1B90 /* Frameworks */,
				3F5D2FA121A5405500AF1B90 /* Resources */,
			);
			buildRules = (
			);
			dependencies = (
			);
			name = dy;
			productName = dy;
			productReference = 3F5D2FA321A5405500AF1B90 /* dy.app */;
			productType = "com.apple.product-type.application";
		};
		3F5D2FB921A5405500AF1B90 /* dyTests */ = {
			isa = PBXNativeTarget;
			buildConfigurationList = 3F5D2FD121A5405500AF1B90 /* Build configuration list for PBXNativeTarget "dyTests" */;
			buildPhases = (
				3F5D2FB621A5405500AF1B90 /* Sources */,
				3F5D2FB721A5405500AF1B90 /* Frameworks */,
				3F5D2FB821A5405500AF1B90 /* Resources */,
			);
			buildRules = (
			);
			dependencies = (
				3F5D2FBC21A5405500AF1B90 /* PBXTargetDependency */,
			);
			name = dyTests;
			productName = dyTests;
			productReference = 3F5D2FBA21A5405500AF1B90 /* dyTests.xctest */;
			productType = "com.apple.product-type.bundle.unit-test";
		};
		3F5D2FC421A5405500AF1B90 /* dyUITests */ = {
			isa = PBXNativeTarget;
			buildConfigurationList = 3F5D2FD421A5405500AF1B90 /* Build configuration list for PBXNativeTarget "dyUITests" */;
			buildPhases = (
				3F5D2FC121A5405500AF1B90 /* Sources */,
				3F5D2FC221A5405500AF1B90 /* Frameworks */,
				3F5D2FC321A5405500AF1B90 /* Resources */,
			);
			buildRules = (
			);
			dependencies = (
				3F5D2FC721A5405500AF1B90 /* PBXTargetDependency */,
			);
			name = dyUITests;
			productName = dyUITests;
			productReference = 3F5D2FC521A5405500AF1B90 /* dyUITests.xctest */;
			productType = "com.apple.product-type.bundle.ui-testing";
		};
/* End PBXNativeTarget section */

/* Begin PBXProject section */
		3F5D2F9B21A5405500AF1B90 /* Project object */ = {
			isa = PBXProject;
			attributes = {
				LastSwiftUpdateCheck = 1000;
				LastUpgradeCheck = 1000;
				ORGANIZATIONNAME = 123;
				TargetAttributes = {
					3F5D2FA221A5405500AF1B90 = {
						CreatedOnToolsVersion = 10.0;
					};
					3F5D2FB921A5405500AF1B90 = {
						CreatedOnToolsVersion = 10.0;
						TestTargetID = 3F5D2FA221A5405500AF1B90;
					};
					3F5D2FC421A5405500AF1B90 = {
						CreatedOnToolsVersion = 10.0;
						TestTargetID = 3F5D2FA221A5405500AF1B90;
					};
				};
			};
			buildConfigurationList = 3F5D2F9E21A5405500AF1B90 /* Build configuration list for PBXProject "dy" */;
			compatibilityVersion = "Xcode 9.3";
			developmentRegion = en;
			hasScannedForEncodings = 0;
			knownRegions = (
				en,
				Base,
			);
			mainGroup = 3F5D2F9A21A5405500AF1B90;
			productRefGroup = 3F5D2FA421A5405500AF1B90 /* Products */;
			projectDirPath = "";
			projectRoot = "";
			targets = (
				3F5D2FA221A5405500AF1B90 /* dy */,
				3F5D2FB921A5405500AF1B90 /* dyTests */,
				3F5D2FC421A5405500AF1B90 /* dyUITests */,
			);
		};
/* End PBXProject section */

/* Begin PBXResourcesBuildPhase section */
		3F5D2FA121A5405500AF1B90 /* Resources */ = {
			isa = PBXResourcesBuildPhase;
			buildActionMask = 2147483647;
			files = (
				3F5D2FB421A5405500AF1B90 /* LaunchScreen.storyboard in Resources */,
				3F5D2FB121A5405500AF1B90 /* Assets.xcassets in Resources */,
				3F5D2FAC21A5405500AF1B90 /* Main.storyboard in Resources */,
			);
			runOnlyForDeploymentPostprocessing = 0;
		};
		3F5D2FB821A5405500AF1B90 /* Resources */ = {
			isa = PBXResourcesBuildPhase;
			buildActionMask = 2147483647;
			files = (
			);
			runOnlyForDeploymentPostprocessing = 0;
		};
		3F5D2FC321A5405500AF1B90 /* Resources */ = {
			isa = PBXResourcesBuildPhase;
			buildActionMask = 2147483647;
			files = (
			);
			runOnlyForDeploymentPostprocessing = 0;
		};
/* End PBXResourcesBuildPhase section */

/* Begin PBXSourcesBuildPhase section */
		3F5D2F9F21A5405500AF1B90 /* Sources */ = {
			isa = PBXSourcesBuildPhase;
			buildActionMask = 2147483647;
			files = (
				3F5D2FAF21A5405500AF1B90 /* dy.xcdatamodeld in Sources */,
				3F5D2FA921A5405500AF1B90 /* ViewController.swift in Sources */,
				3F5D2FA721A5405500AF1B90 /* AppDelegate.swift in Sources */,
			);
			runOnlyForDeploymentPostprocessing = 0;
		};
		3F5D2FB621A5405500AF1B90 /* Sources */ = {
			isa = PBXSourcesBuildPhase;
			buildActionMask = 2147483647;
			files = (
				3F5D2FBF21A5405500AF1B90 /* dyTests.swift in Sources */,
			);
			runOnlyForDeploymentPostprocessing = 0;
		};
		3F5D2FC121A5405500AF1B90 /* Sources */ = {
			isa = PBXSourcesBuildPhase;
			buildActionMask = 2147483647;
			files = (
				3F5D2FCA21A5405500AF1B90 /* dyUITests.swift in Sources */,
			);
			runOnlyForDeploymentPostprocessing = 0;
		};
/* End PBXSourcesBuildPhase section */

/* Begin PBXTargetDependency section */
		3F5D2FBC21A5405500AF1B90 /* PBXTargetDependency */ = {
			isa = PBXTargetDependency;
			target = 3F5D2FA221A5405500AF1B90 /* dy */;
			targetProxy = 3F5D2FBB21A5405500AF1B90 /* PBXContainerItemProxy */;
		};
		3F5D2FC721A5405500AF1B90 /* PBXTargetDependency */ = {
			isa = PBXTargetDependency;
			target = 3F5D2FA221A5405500AF1B90 /* dy */;
			targetProxy = 3F5D2FC621A5405500AF1B90 /* PBXContainerItemProxy */;
		};
/* End PBXTargetDependency section */

/* Begin PBXVariantGroup section */
		3F5D2FAA21A5405500AF1B90 /* Main.storyboard */ = {
			isa = PBXVariantGroup;
			children = (
				3F5D2FAB21A5405500AF1B90 /* Base */,
			);
			name = Main.storyboard;
			sourceTree = "<group>";
		};
		3F5D2FB221A5405500AF1B90 /* LaunchScreen.storyboard */ = {
			isa = PBXVariantGroup;
			children = (
				3F5D2FB321A5405500AF1B90 /* Base */,
			);
			name = LaunchScreen.storyboard;
			sourceTree = "<group>";
		};
/* End PBXVariantGroup section */

/* Begin XCBuildConfiguration section */
		3F5D2FCC21A5405500AF1B90 /* Debug */ = {
			isa = XCBuildConfiguration;
			buildSettings = {
				ALWAYS_SEARCH_USER_PATHS = NO;
				CLANG_ANALYZER_NONNULL = YES;
				CLANG_ANALYZER_NUMBER_OBJECT_CONVERSION = YES_AGGRESSIVE;
				CLANG_CXX_LANGUAGE_STANDARD = "gnu++14";
				CLANG_CXX_LIBRARY = "libc++";
				CLANG_ENABLE_MODULES = YES;
				CLANG_ENABLE_OBJC_ARC = YES;
				CLANG_ENABLE_OBJC_WEAK = YES;
				CLANG_WARN_BLOCK_CAPTURE_AUTORELEASING = YES;
				CLANG_WARN_BOOL_CONVERSION = YES;
				CLANG_WARN_COMMA = YES;
				CLANG_WARN_CONSTANT_CONVERSION = YES;
				CLANG_WARN_DEPRECATED_OBJC_IMPLEMENTATIONS = YES;
				CLANG_WARN_DIRECT_OBJC_ISA_USAGE = YES_ERROR;
				CLANG_WARN_DOCUMENTATION_COMMENTS = YES;
				CLANG_WARN_EMPTY_BODY = YES;
				CLANG_WARN_ENUM_CONVERSION = YES;
				CLANG_WARN_INFINITE_RECURSION = YES;
				CLANG_WARN_INT_CONVERSION = YES;
				CLANG_WARN_NON_LITERAL_NULL_CONVERSION = YES;
				CLANG_WARN_OBJC_IMPLICIT_RETAIN_SELF = YES;
				CLANG_WARN_OBJC_LITERAL_CONVERSION = YES;
				CLANG_WARN_OBJC_ROOT_CLASS = YES_ERROR;
				CLANG_WARN_RANGE_LOOP_ANALYSIS = YES;
				CLANG_WARN_STRICT_PROTOTYPES = YES;
				CLANG_WARN_SUSPICIOUS_MOVE = YES;
				CLANG_WARN_UNGUARDED_AVAILABILITY = YES_AGGRESSIVE;
				CLANG_WARN_UNREACHABLE_CODE = YES;
				CLANG_WARN__DUPLICATE_METHOD_MATCH = YES;
				CODE_SIGN_IDENTITY = "iPhone Developer";
				COPY_PHASE_STRIP = NO;
				DEBUG_INFORMATION_FORMAT = dwarf;
				ENABLE_STRICT_OBJC_MSGSEND = YES;
				ENABLE_TESTABILITY = YES;
				GCC_C_LANGUAGE_STANDARD = gnu11;
				GCC_DYNAMIC_NO_PIC = NO;
				GCC_NO_COMMON_BLOCKS = YES;
				GCC_OPTIMIZATION_LEVEL = 0;
				GCC_PREPROCESSOR_DEFINITIONS = (
					"DEBUG=1",
					"$(inherited)",
				);
				GCC_WARN_64_TO_32_BIT_CONVERSION = YES;
				GCC_WARN_ABOUT_RETURN_TYPE = YES_ERROR;
				GCC_WARN_UNDECLARED_SELECTOR = YES;
				GCC_WARN_UNINITIALIZED_AUTOS = YES_AGGRESSIVE;
				GCC_WARN_UNUSED_FUNCTION = YES;
				GCC_WARN_UNUSED_VARIABLE = YES;
				IPHONEOS_DEPLOYMENT_TARGET = 12.0;
				MTL_ENABLE_DEBUG_INFO = INCLUDE_SOURCE;
				MTL_FAST_MATH = YES;
				ONLY_ACTIVE_ARCH = YES;
				SDKROOT = iphoneos;
				SWIFT_ACTIVE_COMPILATION_CONDITIONS = DEBUG;
				SWIFT_OPTIMIZATION_LEVEL = "-Onone";
			};
			name = Debug;
		};
		3F5D2FCD21A5405500AF1B90 /* Release */ = {
			isa = XCBuildConfiguration;
			buildSettings = {
				ALWAYS_SEARCH_USER_PATHS = NO;
				CLANG_ANALYZER_NONNULL = YES;
				CLANG_ANALYZER_NUMBER_OBJECT_CONVERSION = YES_AGGRESSIVE;
				CLANG_CXX_LANGUAGE_STANDARD = "gnu++14";
				CLANG_CXX_LIBRARY = "libc++";
				CLANG_ENABLE_MODULES = YES;
				CLANG_ENABLE_OBJC_ARC = YES;
				CLANG_ENABLE_OBJC_WEAK = YES;
				CLANG_WARN_BLOCK_CAPTURE_AUTORELEASING = YES;
				CLANG_WARN_BOOL_CONVERSION = YES;
				CLANG_WARN_COMMA = YES;
				CLANG_WARN_CONSTANT_CONVERSION = YES;
				CLANG_WARN_DEPRECATED_OBJC_IMPLEMENTATIONS = YES;
				CLANG_WARN_DIRECT_OBJC_ISA_USAGE = YES_ERROR;
				CLANG_WARN_DOCUMENTATION_COMMENTS = YES;
				CLANG_WARN_EMPTY_BODY = YES;
				CLANG_WARN_ENUM_CONVERSION = YES;
				CLANG_WARN_INFINITE_RECURSION = YES;
				CLANG_WARN_INT_CONVERSION = YES;
				CLANG_WARN_NON_LITERAL_NULL_CONVERSION = YES;
				CLANG_WARN_OBJC_IMPLICIT_RETAIN_SELF = YES;
				CLANG_WARN_OBJC_LITERAL_CONVERSION = YES;
				CLANG_WARN_OBJC_ROOT_CLASS = YES_ERROR;
				CLANG_WARN_RANGE_LOOP_ANALYSIS = YES;
				CLANG_WARN_STRICT_PROTOTYPES = YES;
				CLANG_WARN_SUSPICIOUS_MOVE = YES;
				CLANG_WARN_UNGUARDED_AVAILABILITY = YES_AGGRESSIVE;
				CLANG_WARN_UNREACHABLE_CODE = YES;
				CLANG_WARN__DUPLICATE_METHOD_MATCH = YES;
				CODE_SIGN_IDENTITY = "iPhone Developer";
				COPY_PHASE_STRIP = NO;
				DEBUG_INFORMATION_FORMAT = "dwarf-with-dsym";
				ENABLE_NS_ASSERTIONS = NO;
				ENABLE_STRICT_OBJC_MSGSEND = YES;
				GCC_C_LANGUAGE_STANDARD = gnu11;
				GCC_NO_COMMON_BLOCKS = YES;
				GCC_WARN_64_TO_32_BIT_CONVERSION = YES;
				GCC_WARN_ABOUT_RETURN_TYPE = YES_ERROR;
				GCC_WARN_UNDECLARED_SELECTOR = YES;
				GCC_WARN_UNINITIALIZED_AUTOS = YES_AGGRESSIVE;
				GCC_WARN_UNUSED_FUNCTION = YES;
				GCC_WARN_UNUSED_VARIABLE = YES;
				IPHONEOS_DEPLOYMENT_TARGET = 12.0;
				MTL_ENABLE_DEBUG_INFO = NO;
				MTL_FAST_MATH = YES;
				SDKROOT = iphoneos;
				SWIFT_COMPILATION_MODE = wholemodule;
				SWIFT_OPTIMIZATION_LEVEL = "-O";
				VALIDATE_PRODUCT = YES;
			};
			name = Release;
		};
		3F5D2FCF21A5405500AF1B90 /* Debug */ = {
			isa = XCBuildConfiguration;
			buildSettings = {
				ASSETCATALOG_COMPILER_APPICON_NAME = AppIcon;
				CODE_SIGN_STYLE = Automatic;
				INFOPLIST_FILE = dy/Info.plist;
				LD_RUNPATH_SEARCH_PATHS = (
					"$(inherited)",
					"@executable_path/Frameworks",
				);
				PRODUCT_BUNDLE_IDENTIFIER = "-11.dy";
				PRODUCT_NAME = "$(TARGET_NAME)";
				SWIFT_VERSION = 4.2;
				TARGETED_DEVICE_FAMILY = "1,2";
			};
			name = Debug;
		};
		3F5D2FD021A5405500AF1B90 /* Release */ = {
			isa = XCBuildConfiguration;
			buildSettings = {
				ASSETCATALOG_COMPILER_APPICON_NAME = AppIcon;
				CODE_SIGN_STYLE = Automatic;
				INFOPLIST_FILE = dy/Info.plist;
				LD_RUNPATH_SEARCH_PATHS = (
					"$(inherited)",
					"@executable_path/Frameworks",
				);
				PRODUCT_BUNDLE_IDENTIFIER = "-11.dy";
				PRODUCT_NAME = "$(TARGET_NAME)";
				SWIFT_VERSION = 4.2;
				TARGETED_DEVICE_FAMILY = "1,2";
			};
			name = Release;
		};
		3F5D2FD221A5405500AF1B90 /* Debug */ = {
			isa = XCBuildConfiguration;
			buildSettings = {
				ALWAYS_EMBED_SWIFT_STANDARD_LIBRARIES = YES;
				BUNDLE_LOADER = "$(TEST_HOST)";
				CODE_SIGN_STYLE = Automatic;
				INFOPLIST_FILE = dyTests/Info.plist;
				LD_RUNPATH_SEARCH_PATHS = (
					"$(inherited)",
					"@executable_path/Frameworks",
					"@loader_path/Frameworks",
				);
				PRODUCT_BUNDLE_IDENTIFIER = "-11.dyTests";
				PRODUCT_NAME = "$(TARGET_NAME)";
				SWIFT_VERSION = 4.2;
				TARGETED_DEVICE_FAMILY = "1,2";
				TEST_HOST = "$(BUILT_PRODUCTS_DIR)/dy.app/dy";
			};
			name = Debug;
		};
		3F5D2FD321A5405500AF1B90 /* Release */ = {
			isa = XCBuildConfiguration;
			buildSettings = {
				ALWAYS_EMBED_SWIFT_STANDARD_LIBRARIES = YES;
				BUNDLE_LOADER = "$(TEST_HOST)";
				CODE_SIGN_STYLE = Automatic;
				INFOPLIST_FILE = dyTests/Info.plist;
				LD_RUNPATH_SEARCH_PATHS = (
					"$(inherited)",
					"@executable_path/Frameworks",
					"@loader_path/Frameworks",
				);
				PRODUCT_BUNDLE_IDENTIFIER = "-11.dyTests";
				PRODUCT_NAME = "$(TARGET_NAME)";
				SWIFT_VERSION = 4.2;
				TARGETED_DEVICE_FAMILY = "1,2";
				TEST_HOST = "$(BUILT_PRODUCTS_DIR)/dy.app/dy";
			};
			name = Release;
		};
		3F5D2FD521A5405500AF1B90 /* Debug */ = {
			isa = XCBuildConfiguration;
			buildSettings = {
				ALWAYS_EMBED_SWIFT_STANDARD_LIBRARIES = YES;
				CODE_SIGN_STYLE = Automatic;
				INFOPLIST_FILE = dyUITests/Info.plist;
				LD_RUNPATH_SEARCH_PATHS = (
					"$(inherited)",
					"@executable_path/Frameworks",
					"@loader_path/Frameworks",
				);
				PRODUCT_BUNDLE_IDENTIFIER = "-11.dyUITests";
				PRODUCT_NAME = "$(TARGET_NAME)";
				SWIFT_VERSION = 4.2;
				TARGETED_DEVICE_FAMILY = "1,2";
				TEST_TARGET_NAME = dy;
			};
			name = Debug;
		};
		3F5D2FD621A5405500AF1B90 /* Release */ = {
			isa = XCBuildConfiguration;
			buildSettings = {
				ALWAYS_EMBED_SWIFT_STANDARD_LIBRARIES = YES;
				CODE_SIGN_STYLE = Automatic;
				INFOPLIST_FILE = dyUITests/Info.plist;
				LD_RUNPATH_SEARCH_PATHS = (
					"$(inherited)",
					"@executable_path/Frameworks",
					"@loader_path/Frameworks",
				);
				PRODUCT_BUNDLE_IDENTIFIER = "-11.dyUITests";
				PRODUCT_NAME = "$(TARGET_NAME)";
				SWIFT_VERSION = 4.2;
				TARGETED_DEVICE_FAMILY = "1,2";
				TEST_TARGET_NAME = dy;
			};
			name = Release;
		};
/* End XCBuildConfiguration section */

/* Begin XCConfigurationList section */
		3F5D2F9E21A5405500AF1B90 /* Build configuration list for PBXProject "dy" */ = {
			isa = XCConfigurationList;
			buildConfigurations = (
				3F5D2FCC21A5405500AF1B90 /* Debug */,
				3F5D2FCD21A5405500AF1B90 /* Release */,
			);
			defaultConfigurationIsVisible = 0;
			defaultConfigurationName = Release;
		};
		3F5D2FCE21A5405500AF1B90 /* Build configuration list for PBXNativeTarget "dy" */ = {
			isa = XCConfigurationList;
			buildConfigurations = (
				3F5D2FCF21A5405500AF1B90 /* Debug */,
				3F5D2FD021A5405500AF1B90 /* Release */,
			);
			defaultConfigurationIsVisible = 0;
			defaultConfigurationName = Release;
		};
		3F5D2FD121A5405500AF1B90 /* Build configuration list for PBXNativeTarget "dyTests" */ = {
			isa = XCConfigurationList;
			buildConfigurations = (
				3F5D2FD221A5405500AF1B90 /* Debug */,
				3F5D2FD321A5405500AF1B90 /* Release */,
			);
			defaultConfigurationIsVisible = 0;
			defaultConfigurationName = Release;
		};
		3F5D2FD421A5405500AF1B90 /* Build configuration list for PBXNativeTarget "dyUITests" */ = {
			isa = XCConfigurationList;
			buildConfigurations = (
				3F5D2FD521A5405500AF1B90 /* Debug */,
				3F5D2FD621A5405500AF1B90 /* Release */,
			);
			defaultConfigurationIsVisible = 0;
			defaultConfigurationName = Release;
		};
/* End XCConfigurationList section */

/* Begin XCVersionGroup section */
		3F5D2FAD21A5405500AF1B90 /* dy.xcdatamodeld */ = {
			isa = XCVersionGroup;
			children = (
				3F5D2FAE21A5405500AF1B90 /* dy.xcdatamodel */,
			);
			currentVersion = 3F5D2FAE21A5405500AF1B90 /* dy.xcdatamodel */;
			path = dy.xcdatamodeld;
			sourceTree = "<group>";
			versionGroupType = wrapper.xcdatamodel;
		};
/* End XCVersionGroup section */
	};
	rootObject = 3F5D2F9B21A5405500AF1B90 /* Project object */;
}
